
Microsoft Visual Studio Solution File, Format Version 12.00
# Visual Studio Version 17
VisualStudioVersion = 17.7.34221.43
MinimumVisualStudioVersion = 10.0.40219.1
Project("{FAE04EC0-301F-11D3-BF4B-00C04F79EFBC}") = "shambalaWpfWorkReestr_11_11_2023", "shambalaWpfWorkReestr_11_11_2023.csproj", "{DE7B889C-A562-47BA-A201-92C152CA862B}"
EndProject
Global
	GlobalSection(SolutionConfigurationPlatforms) = preSolution
		Debug|Any CPU = Debug|Any CPU
		Release|Any CPU = Release|Any CPU
	EndGlobalSection
	GlobalSection(ProjectConfigurationPlatforms) = postSolution
		{DE7B889C-A562-47BA-A201-92C152CA862B}.Debug|Any CPU.ActiveCfg = Debug|Any CPU
		{DE7B889C-A562-47BA-A201-92C152CA862B}.Debug|Any CPU.Build.0 = Debug|Any CPU
		{DE7B889C-A562-47BA-A201-92C152CA862B}.Release|Any CPU.ActiveCfg = Release|Any CPU
		{DE7B889C-A562-47BA-A201-92C152CA862B}.Release|Any CPU.Build.0 = Release|Any CPU
	EndGlobalSection
	GlobalSection(SolutionProperties) = preSolution
		HideSolutionNode = FALSE
	EndGlobalSection
	GlobalSection(ExtensibilityGlobals) = postSolution
		SolutionGuid = {08865197-C7AA-4A08-A32F-4E3C64F699FC}
	EndGlobalSection
EndGlobal
